// !$*UTF8*$!
{
	archiveVersion = 1;
	classes = {
	};
	objectVersion = 46;
	objects = {

/* Begin PBXBuildFile section */
		18404A331D8273C8000F234A /* AppDelegate.swift in Sources */ = {isa = PBXBuildFile; fileRef = 18404A321D8273C8000F234A /* AppDelegate.swift */; };
		18404A351D8273C8000F234A /* ViewController.swift in Sources */ = {isa = PBXBuildFile; fileRef = 18404A341D8273C8000F234A /* ViewController.swift */; };
		18404A381D8273C8000F234A /* Main.storyboard in Resources */ = {isa = PBXBuildFile; fileRef = 18404A361D8273C8000F234A /* Main.storyboard */; };
		18404A3B1D8273C8000F234A /* RevelScheduleManagement.xcdatamodeld in Sources */ = {isa = PBXBuildFile; fileRef = 18404A391D8273C8000F234A /* RevelScheduleManagement.xcdatamodeld */; };
		18404A3D1D8273C8000F234A /* Assets.xcassets in Resources */ = {isa = PBXBuildFile; fileRef = 18404A3C1D8273C8000F234A /* Assets.xcassets */; };
		18404A401D8273C8000F234A /* LaunchScreen.storyboard in Resources */ = {isa = PBXBuildFile; fileRef = 18404A3E1D8273C8000F234A /* LaunchScreen.storyboard */; };
		185F28C21D82AB4700C79EEF /* TableViewCell.swift in Sources */ = {isa = PBXBuildFile; fileRef = 185F28C11D82AB4700C79EEF /* TableViewCell.swift */; };
		872276331D83382400CFFE80 /* Employee.swift in Sources */ = {isa = PBXBuildFile; fileRef = 872276321D83382400CFFE80 /* Employee.swift */; };
		185F28C41D82FC4800C79EEF /* GoogleService-Info.plist in Resources */ = {isa = PBXBuildFile; fileRef = 185F28C31D82FC4800C79EEF /* GoogleService-Info.plist */; };
		185F28C61D8302E400C79EEF /* ManagerShifts.storyboard in Resources */ = {isa = PBXBuildFile; fileRef = 185F28C51D8302E400C79EEF /* ManagerShifts.storyboard */; };
		185F28CA1D8304B500C79EEF /* ManagerShiftController.swift in Sources */ = {isa = PBXBuildFile; fileRef = 185F28C91D8304B500C79EEF /* ManagerShiftController.swift */; };
		18AA59B41D8307E700514CCF /* DroppedUsers.swift in Sources */ = {isa = PBXBuildFile; fileRef = 18AA59B31D8307E700514CCF /* DroppedUsers.swift */; };
		18AA59B61D830B5300514CCF /* DroppingUsersTableViewCell.swift in Sources */ = {isa = PBXBuildFile; fileRef = 18AA59B51D830B5300514CCF /* DroppingUsersTableViewCell.swift */; };
		87A719C61D82B55F0081D993 /* Work.swift in Sources */ = {isa = PBXBuildFile; fileRef = 87CF233A1D82964C004D21EE /* Work.swift */; };
		87B64C9F1D82CF7D00D6CF54 /* LoginViewController.storyboard in Resources */ = {isa = PBXBuildFile; fileRef = 87B64C9E1D82CF7D00D6CF54 /* LoginViewController.storyboard */; };
		87B64CA21D82CF9D00D6CF54 /* LoginViewController.swift in Sources */ = {isa = PBXBuildFile; fileRef = 87B64CA11D82CF9D00D6CF54 /* LoginViewController.swift */; };
		87B64CA41D82D87B00D6CF54 /* LoginClient.swift in Sources */ = {isa = PBXBuildFile; fileRef = 87B64CA31D82D87B00D6CF54 /* LoginClient.swift */; };
		87B64CA61D82FB0700D6CF54 /* ManagerViewController.storyboard in Resources */ = {isa = PBXBuildFile; fileRef = 87B64CA51D82FB0700D6CF54 /* ManagerViewController.storyboard */; };
		87B64CA91D82FB3200D6CF54 /* ManagerViewController.swift in Sources */ = {isa = PBXBuildFile; fileRef = 87B64CA81D82FB3200D6CF54 /* ManagerViewController.swift */; };
		87B64CAB1D82FCDE00D6CF54 /* ScheduleViewController.storyboard in Resources */ = {isa = PBXBuildFile; fileRef = 87B64CAA1D82FCDE00D6CF54 /* ScheduleViewController.storyboard */; };
		87B64CAD1D82FD2600D6CF54 /* ScheduleViewController.swift in Sources */ = {isa = PBXBuildFile; fileRef = 87B64CAC1D82FD2600D6CF54 /* ScheduleViewController.swift */; };
		87B64CAF1D83151B00D6CF54 /* ScheduleTableViewCell.swift in Sources */ = {isa = PBXBuildFile; fileRef = 87B64CAE1D83151B00D6CF54 /* ScheduleTableViewCell.swift */; };
		87CF23351D827550004D21EE /* Const.swift in Sources */ = {isa = PBXBuildFile; fileRef = 87CF23341D827550004D21EE /* Const.swift */; };
		87CF23461D82988F004D21EE /* CLWeeklyCalendarView.m in Sources */ = {isa = PBXBuildFile; fileRef = 87CF23411D82988F004D21EE /* CLWeeklyCalendarView.m */; };
		87CF23471D82988F004D21EE /* DailyCalendarView.m in Sources */ = {isa = PBXBuildFile; fileRef = 87CF23431D82988F004D21EE /* DailyCalendarView.m */; };
		87CF23481D82988F004D21EE /* DayTitleLabel.m in Sources */ = {isa = PBXBuildFile; fileRef = 87CF23451D82988F004D21EE /* DayTitleLabel.m */; };
		87CF23511D8298A4004D21EE /* NSDate+CL.m in Sources */ = {isa = PBXBuildFile; fileRef = 87CF234A1D8298A4004D21EE /* NSDate+CL.m */; };
		87CF23521D8298A4004D21EE /* NSDictionary+CL.m in Sources */ = {isa = PBXBuildFile; fileRef = 87CF234C1D8298A4004D21EE /* NSDictionary+CL.m */; };
		87CF23531D8298A4004D21EE /* UIColor+CL.m in Sources */ = {isa = PBXBuildFile; fileRef = 87CF234E1D8298A4004D21EE /* UIColor+CL.m */; };
		87CF23541D8298A4004D21EE /* UIImage+CL.m in Sources */ = {isa = PBXBuildFile; fileRef = 87CF23501D8298A4004D21EE /* UIImage+CL.m */; };
		F082D81D669E634BF05AD7F8 /* Pods_RevelScheduleManagement.framework in Frameworks */ = {isa = PBXBuildFile; fileRef = D234CBC5CA0C39DA5F6E9152 /* Pods_RevelScheduleManagement.framework */; };
/* End PBXBuildFile section */

/* Begin PBXFileReference section */
		18404A2F1D8273C8000F234A /* RevelScheduleManagement.app */ = {isa = PBXFileReference; explicitFileType = wrapper.application; includeInIndex = 0; path = RevelScheduleManagement.app; sourceTree = BUILT_PRODUCTS_DIR; };
		18404A321D8273C8000F234A /* AppDelegate.swift */ = {isa = PBXFileReference; lastKnownFileType = sourcecode.swift; path = AppDelegate.swift; sourceTree = "<group>"; };
		18404A341D8273C8000F234A /* ViewController.swift */ = {isa = PBXFileReference; lastKnownFileType = sourcecode.swift; path = ViewController.swift; sourceTree = "<group>"; };
		18404A371D8273C8000F234A /* Base */ = {isa = PBXFileReference; lastKnownFileType = file.storyboard; name = Base; path = Base.lproj/Main.storyboard; sourceTree = "<group>"; };
		18404A3A1D8273C8000F234A /* RevelScheduleManagement.xcdatamodel */ = {isa = PBXFileReference; lastKnownFileType = wrapper.xcdatamodel; path = RevelScheduleManagement.xcdatamodel; sourceTree = "<group>"; };
		18404A3C1D8273C8000F234A /* Assets.xcassets */ = {isa = PBXFileReference; lastKnownFileType = folder.assetcatalog; path = Assets.xcassets; sourceTree = "<group>"; };
		18404A3F1D8273C8000F234A /* Base */ = {isa = PBXFileReference; lastKnownFileType = file.storyboard; name = Base; path = Base.lproj/LaunchScreen.storyboard; sourceTree = "<group>"; };
		18404A411D8273C8000F234A /* Info.plist */ = {isa = PBXFileReference; lastKnownFileType = text.plist.xml; path = Info.plist; sourceTree = "<group>"; };
		185F28C11D82AB4700C79EEF /* TableViewCell.swift */ = {isa = PBXFileReference; fileEncoding = 4; lastKnownFileType = sourcecode.swift; path = TableViewCell.swift; sourceTree = "<group>"; };
		872276321D83382400CFFE80 /* Employee.swift */ = {isa = PBXFileReference; fileEncoding = 4; lastKnownFileType = sourcecode.swift; path = Employee.swift; sourceTree = "<group>"; };
		185F28C31D82FC4800C79EEF /* GoogleService-Info.plist */ = {isa = PBXFileReference; fileEncoding = 4; lastKnownFileType = text.plist.xml; path = "GoogleService-Info.plist"; sourceTree = "<group>"; };
		185F28C51D8302E400C79EEF /* ManagerShifts.storyboard */ = {isa = PBXFileReference; fileEncoding = 4; lastKnownFileType = file.storyboard; path = ManagerShifts.storyboard; sourceTree = "<group>"; };
		185F28C91D8304B500C79EEF /* ManagerShiftController.swift */ = {isa = PBXFileReference; fileEncoding = 4; lastKnownFileType = sourcecode.swift; path = ManagerShiftController.swift; sourceTree = "<group>"; };
		18AA59B31D8307E700514CCF /* DroppedUsers.swift */ = {isa = PBXFileReference; fileEncoding = 4; lastKnownFileType = sourcecode.swift; path = DroppedUsers.swift; sourceTree = "<group>"; };
		18AA59B51D830B5300514CCF /* DroppingUsersTableViewCell.swift */ = {isa = PBXFileReference; fileEncoding = 4; lastKnownFileType = sourcecode.swift; path = DroppingUsersTableViewCell.swift; sourceTree = "<group>"; };
		468EBDEA3CCC7B38C4FE329C /* Pods-RevelScheduleManagement.release.xcconfig */ = {isa = PBXFileReference; includeInIndex = 1; lastKnownFileType = text.xcconfig; name = "Pods-RevelScheduleManagement.release.xcconfig"; path = "Pods/Target Support Files/Pods-RevelScheduleManagement/Pods-RevelScheduleManagement.release.xcconfig"; sourceTree = "<group>"; };
		52B5D800570DC4A967C944C3 /* Pods-RevelScheduleManagement.debug.xcconfig */ = {isa = PBXFileReference; includeInIndex = 1; lastKnownFileType = text.xcconfig; name = "Pods-RevelScheduleManagement.debug.xcconfig"; path = "Pods/Target Support Files/Pods-RevelScheduleManagement/Pods-RevelScheduleManagement.debug.xcconfig"; sourceTree = "<group>"; };
		87B64C9E1D82CF7D00D6CF54 /* LoginViewController.storyboard */ = {isa = PBXFileReference; fileEncoding = 4; lastKnownFileType = file.storyboard; path = LoginViewController.storyboard; sourceTree = "<group>"; };
		87B64CA11D82CF9D00D6CF54 /* LoginViewController.swift */ = {isa = PBXFileReference; fileEncoding = 4; lastKnownFileType = sourcecode.swift; path = LoginViewController.swift; sourceTree = "<group>"; };
		87B64CA31D82D87B00D6CF54 /* LoginClient.swift */ = {isa = PBXFileReference; fileEncoding = 4; lastKnownFileType = sourcecode.swift; path = LoginClient.swift; sourceTree = "<group>"; };
		87B64CA51D82FB0700D6CF54 /* ManagerViewController.storyboard */ = {isa = PBXFileReference; fileEncoding = 4; lastKnownFileType = file.storyboard; path = ManagerViewController.storyboard; sourceTree = "<group>"; };
		87B64CA81D82FB3200D6CF54 /* ManagerViewController.swift */ = {isa = PBXFileReference; fileEncoding = 4; lastKnownFileType = sourcecode.swift; path = ManagerViewController.swift; sourceTree = "<group>"; };
		87B64CAA1D82FCDE00D6CF54 /* ScheduleViewController.storyboard */ = {isa = PBXFileReference; fileEncoding = 4; lastKnownFileType = file.storyboard; path = ScheduleViewController.storyboard; sourceTree = "<group>"; };
		87B64CAC1D82FD2600D6CF54 /* ScheduleViewController.swift */ = {isa = PBXFileReference; fileEncoding = 4; lastKnownFileType = sourcecode.swift; path = ScheduleViewController.swift; sourceTree = "<group>"; };
		87B64CAE1D83151B00D6CF54 /* ScheduleTableViewCell.swift */ = {isa = PBXFileReference; fileEncoding = 4; lastKnownFileType = sourcecode.swift; path = ScheduleTableViewCell.swift; sourceTree = "<group>"; };
		87CF23341D827550004D21EE /* Const.swift */ = {isa = PBXFileReference; fileEncoding = 4; lastKnownFileType = sourcecode.swift; path = Const.swift; sourceTree = "<group>"; };
		87CF23371D828B60004D21EE /* RevelScheduleManagement-Bridging-Header.h */ = {isa = PBXFileReference; lastKnownFileType = sourcecode.c.h; path = "RevelScheduleManagement-Bridging-Header.h"; sourceTree = "<group>"; };
		87CF233A1D82964C004D21EE /* Work.swift */ = {isa = PBXFileReference; fileEncoding = 4; lastKnownFileType = sourcecode.swift; path = Work.swift; sourceTree = "<group>"; };
		87CF23401D82988F004D21EE /* CLWeeklyCalendarView.h */ = {isa = PBXFileReference; fileEncoding = 4; lastKnownFileType = sourcecode.c.h; path = CLWeeklyCalendarView.h; sourceTree = "<group>"; };
		87CF23411D82988F004D21EE /* CLWeeklyCalendarView.m */ = {isa = PBXFileReference; fileEncoding = 4; lastKnownFileType = sourcecode.c.objc; path = CLWeeklyCalendarView.m; sourceTree = "<group>"; };
		87CF23421D82988F004D21EE /* DailyCalendarView.h */ = {isa = PBXFileReference; fileEncoding = 4; lastKnownFileType = sourcecode.c.h; path = DailyCalendarView.h; sourceTree = "<group>"; };
		87CF23431D82988F004D21EE /* DailyCalendarView.m */ = {isa = PBXFileReference; fileEncoding = 4; lastKnownFileType = sourcecode.c.objc; path = DailyCalendarView.m; sourceTree = "<group>"; };
		87CF23441D82988F004D21EE /* DayTitleLabel.h */ = {isa = PBXFileReference; fileEncoding = 4; lastKnownFileType = sourcecode.c.h; path = DayTitleLabel.h; sourceTree = "<group>"; };
		87CF23451D82988F004D21EE /* DayTitleLabel.m */ = {isa = PBXFileReference; fileEncoding = 4; lastKnownFileType = sourcecode.c.objc; path = DayTitleLabel.m; sourceTree = "<group>"; };
		87CF23491D8298A4004D21EE /* NSDate+CL.h */ = {isa = PBXFileReference; fileEncoding = 4; lastKnownFileType = sourcecode.c.h; path = "NSDate+CL.h"; sourceTree = "<group>"; };
		87CF234A1D8298A4004D21EE /* NSDate+CL.m */ = {isa = PBXFileReference; fileEncoding = 4; lastKnownFileType = sourcecode.c.objc; path = "NSDate+CL.m"; sourceTree = "<group>"; };
		87CF234B1D8298A4004D21EE /* NSDictionary+CL.h */ = {isa = PBXFileReference; fileEncoding = 4; lastKnownFileType = sourcecode.c.h; path = "NSDictionary+CL.h"; sourceTree = "<group>"; };
		87CF234C1D8298A4004D21EE /* NSDictionary+CL.m */ = {isa = PBXFileReference; fileEncoding = 4; lastKnownFileType = sourcecode.c.objc; path = "NSDictionary+CL.m"; sourceTree = "<group>"; };
		87CF234D1D8298A4004D21EE /* UIColor+CL.h */ = {isa = PBXFileReference; fileEncoding = 4; lastKnownFileType = sourcecode.c.h; path = "UIColor+CL.h"; sourceTree = "<group>"; };
		87CF234E1D8298A4004D21EE /* UIColor+CL.m */ = {isa = PBXFileReference; fileEncoding = 4; lastKnownFileType = sourcecode.c.objc; path = "UIColor+CL.m"; sourceTree = "<group>"; };
		87CF234F1D8298A4004D21EE /* UIImage+CL.h */ = {isa = PBXFileReference; fileEncoding = 4; lastKnownFileType = sourcecode.c.h; path = "UIImage+CL.h"; sourceTree = "<group>"; };
		87CF23501D8298A4004D21EE /* UIImage+CL.m */ = {isa = PBXFileReference; fileEncoding = 4; lastKnownFileType = sourcecode.c.objc; path = "UIImage+CL.m"; sourceTree = "<group>"; };
		D234CBC5CA0C39DA5F6E9152 /* Pods_RevelScheduleManagement.framework */ = {isa = PBXFileReference; explicitFileType = wrapper.framework; includeInIndex = 0; path = Pods_RevelScheduleManagement.framework; sourceTree = BUILT_PRODUCTS_DIR; };
/* End PBXFileReference section */

/* Begin PBXFrameworksBuildPhase section */
		18404A2C1D8273C8000F234A /* Frameworks */ = {
			isa = PBXFrameworksBuildPhase;
			buildActionMask = 2147483647;
			files = (
				F082D81D669E634BF05AD7F8 /* Pods_RevelScheduleManagement.framework in Frameworks */,
			);
			runOnlyForDeploymentPostprocessing = 0;
		};
/* End PBXFrameworksBuildPhase section */

/* Begin PBXGroup section */
		18404A261D8273C8000F234A = {
			isa = PBXGroup;
			children = (
				18404A311D8273C8000F234A /* RevelScheduleManagement */,
				18404A301D8273C8000F234A /* Products */,
				CF8BC9DCDC570B2590565BC9 /* Pods */,
				3C39CDCBF4FFCE32FCD10030 /* Frameworks */,
			);
			sourceTree = "<group>";
		};
		18404A301D8273C8000F234A /* Products */ = {
			isa = PBXGroup;
			children = (
				18404A2F1D8273C8000F234A /* RevelScheduleManagement.app */,
			);
			name = Products;
			sourceTree = "<group>";
		};
		18404A311D8273C8000F234A /* RevelScheduleManagement */ = {
			isa = PBXGroup;
			children = (
				18404A321D8273C8000F234A /* AppDelegate.swift */,
				18404A341D8273C8000F234A /* ViewController.swift */,
				87CF23341D827550004D21EE /* Const.swift */,
				87CF233A1D82964C004D21EE /* Work.swift */,
				87B64CA31D82D87B00D6CF54 /* LoginClient.swift */,
				872276321D83382400CFFE80 /* Employee.swift */,
				87B64CA71D82FB1000D6CF54 /* ManagerScreen */,
				87B64CA01D82CF8C00D6CF54 /* LoginScreen */,
				18404A361D8273C8000F234A /* Main.storyboard */,
				185F28C51D8302E400C79EEF /* ManagerShifts.storyboard */,
				18AA59B51D830B5300514CCF /* DroppingUsersTableViewCell.swift */,
				185F28C91D8304B500C79EEF /* ManagerShiftController.swift */,
				18AA59B31D8307E700514CCF /* DroppedUsers.swift */,
				185F28C11D82AB4700C79EEF /* TableViewCell.swift */,
				18404A3C1D8273C8000F234A /* Assets.xcassets */,
				18404A3E1D8273C8000F234A /* LaunchScreen.storyboard */,
				185F28C31D82FC4800C79EEF /* GoogleService-Info.plist */,
				18404A411D8273C8000F234A /* Info.plist */,
				18404A391D8273C8000F234A /* RevelScheduleManagement.xcdatamodeld */,
				87CF23371D828B60004D21EE /* RevelScheduleManagement-Bridging-Header.h */,
				87CF23551D8298AC004D21EE /* CLWeeklyCalendarView */,
			);
			path = RevelScheduleManagement;
			sourceTree = "<group>";
		};
		3C39CDCBF4FFCE32FCD10030 /* Frameworks */ = {
			isa = PBXGroup;
			children = (
				D234CBC5CA0C39DA5F6E9152 /* Pods_RevelScheduleManagement.framework */,
			);
			name = Frameworks;
			sourceTree = "<group>";
		};
		87B64CA01D82CF8C00D6CF54 /* LoginScreen */ = {
			isa = PBXGroup;
			children = (
				87B64C9E1D82CF7D00D6CF54 /* LoginViewController.storyboard */,
				87B64CA11D82CF9D00D6CF54 /* LoginViewController.swift */,
			);
			name = LoginScreen;
			sourceTree = "<group>";
		};
		87B64CA71D82FB1000D6CF54 /* ManagerScreen */ = {
			isa = PBXGroup;
			children = (
				87B64CA51D82FB0700D6CF54 /* ManagerViewController.storyboard */,
				87B64CA81D82FB3200D6CF54 /* ManagerViewController.swift */,
				87B64CAA1D82FCDE00D6CF54 /* ScheduleViewController.storyboard */,
				87B64CAC1D82FD2600D6CF54 /* ScheduleViewController.swift */,
				87B64CAE1D83151B00D6CF54 /* ScheduleTableViewCell.swift */,
			);
			name = ManagerScreen;
			sourceTree = "<group>";
		};
		87CF23551D8298AC004D21EE /* CLWeeklyCalendarView */ = {
			isa = PBXGroup;
			children = (
				87CF23401D82988F004D21EE /* CLWeeklyCalendarView.h */,
				87CF23411D82988F004D21EE /* CLWeeklyCalendarView.m */,
				87CF23421D82988F004D21EE /* DailyCalendarView.h */,
				87CF23431D82988F004D21EE /* DailyCalendarView.m */,
				87CF23441D82988F004D21EE /* DayTitleLabel.h */,
				87CF23451D82988F004D21EE /* DayTitleLabel.m */,
				87CF23491D8298A4004D21EE /* NSDate+CL.h */,
				87CF234A1D8298A4004D21EE /* NSDate+CL.m */,
				87CF234B1D8298A4004D21EE /* NSDictionary+CL.h */,
				87CF234C1D8298A4004D21EE /* NSDictionary+CL.m */,
				87CF234D1D8298A4004D21EE /* UIColor+CL.h */,
				87CF234E1D8298A4004D21EE /* UIColor+CL.m */,
				87CF234F1D8298A4004D21EE /* UIImage+CL.h */,
				87CF23501D8298A4004D21EE /* UIImage+CL.m */,
			);
			name = CLWeeklyCalendarView;
			sourceTree = "<group>";
		};
		CF8BC9DCDC570B2590565BC9 /* Pods */ = {
			isa = PBXGroup;
			children = (
				52B5D800570DC4A967C944C3 /* Pods-RevelScheduleManagement.debug.xcconfig */,
				468EBDEA3CCC7B38C4FE329C /* Pods-RevelScheduleManagement.release.xcconfig */,
			);
			name = Pods;
			sourceTree = "<group>";
		};
/* End PBXGroup section */

/* Begin PBXNativeTarget section */
		18404A2E1D8273C8000F234A /* RevelScheduleManagement */ = {
			isa = PBXNativeTarget;
			buildConfigurationList = 18404A441D8273C8000F234A /* Build configuration list for PBXNativeTarget "RevelScheduleManagement" */;
			buildPhases = (
				BE4C5C03240E85666D65910E /* [CP] Check Pods Manifest.lock */,
				18404A2B1D8273C8000F234A /* Sources */,
				18404A2C1D8273C8000F234A /* Frameworks */,
				18404A2D1D8273C8000F234A /* Resources */,
				2636E74F9298B73861BAE90C /* [CP] Embed Pods Frameworks */,
				908C9A1C9E2771B73699A0C4 /* [CP] Copy Pods Resources */,
			);
			buildRules = (
			);
			dependencies = (
			);
			name = RevelScheduleManagement;
			productName = RevelScheduleManagement;
			productReference = 18404A2F1D8273C8000F234A /* RevelScheduleManagement.app */;
			productType = "com.apple.product-type.application";
		};
/* End PBXNativeTarget section */

/* Begin PBXProject section */
		18404A271D8273C8000F234A /* Project object */ = {
			isa = PBXProject;
			attributes = {
				LastSwiftUpdateCheck = 0730;
				LastUpgradeCheck = 0730;
				ORGANIZATIONNAME = "Mohamed Ayadi";
				TargetAttributes = {
					18404A2E1D8273C8000F234A = {
						CreatedOnToolsVersion = 7.3.1;
						DevelopmentTeam = 6KKRC5GQMV;
					};
				};
			};
			buildConfigurationList = 18404A2A1D8273C8000F234A /* Build configuration list for PBXProject "RevelScheduleManagement" */;
			compatibilityVersion = "Xcode 3.2";
			developmentRegion = English;
			hasScannedForEncodings = 0;
			knownRegions = (
				en,
				Base,
			);
			mainGroup = 18404A261D8273C8000F234A;
			productRefGroup = 18404A301D8273C8000F234A /* Products */;
			projectDirPath = "";
			projectRoot = "";
			targets = (
				18404A2E1D8273C8000F234A /* RevelScheduleManagement */,
			);
		};
/* End PBXProject section */

/* Begin PBXResourcesBuildPhase section */
		18404A2D1D8273C8000F234A /* Resources */ = {
			isa = PBXResourcesBuildPhase;
			buildActionMask = 2147483647;
			files = (
				87B64CA61D82FB0700D6CF54 /* ManagerViewController.storyboard in Resources */,
				18404A401D8273C8000F234A /* LaunchScreen.storyboard in Resources */,
				87B64CAB1D82FCDE00D6CF54 /* ScheduleViewController.storyboard in Resources */,
				87B64C9F1D82CF7D00D6CF54 /* LoginViewController.storyboard in Resources */,
				185F28C41D82FC4800C79EEF /* GoogleService-Info.plist in Resources */,
				185F28C61D8302E400C79EEF /* ManagerShifts.storyboard in Resources */,
				18404A3D1D8273C8000F234A /* Assets.xcassets in Resources */,
				18404A381D8273C8000F234A /* Main.storyboard in Resources */,
			);
			runOnlyForDeploymentPostprocessing = 0;
		};
/* End PBXResourcesBuildPhase section */

/* Begin PBXShellScriptBuildPhase section */
		2636E74F9298B73861BAE90C /* [CP] Embed Pods Frameworks */ = {
			isa = PBXShellScriptBuildPhase;
			buildActionMask = 2147483647;
			files = (
			);
			inputPaths = (
			);
			name = "[CP] Embed Pods Frameworks";
			outputPaths = (
			);
			runOnlyForDeploymentPostprocessing = 0;
			shellPath = /bin/sh;
			shellScript = "\"${SRCROOT}/Pods/Target Support Files/Pods-RevelScheduleManagement/Pods-RevelScheduleManagement-frameworks.sh\"\n";
			showEnvVarsInLog = 0;
		};
		908C9A1C9E2771B73699A0C4 /* [CP] Copy Pods Resources */ = {
			isa = PBXShellScriptBuildPhase;
			buildActionMask = 2147483647;
			files = (
			);
			inputPaths = (
			);
			name = "[CP] Copy Pods Resources";
			outputPaths = (
			);
			runOnlyForDeploymentPostprocessing = 0;
			shellPath = /bin/sh;
			shellScript = "\"${SRCROOT}/Pods/Target Support Files/Pods-RevelScheduleManagement/Pods-RevelScheduleManagement-resources.sh\"\n";
			showEnvVarsInLog = 0;
		};
		BE4C5C03240E85666D65910E /* [CP] Check Pods Manifest.lock */ = {
			isa = PBXShellScriptBuildPhase;
			buildActionMask = 2147483647;
			files = (
			);
			inputPaths = (
			);
			name = "[CP] Check Pods Manifest.lock";
			outputPaths = (
			);
			runOnlyForDeploymentPostprocessing = 0;
			shellPath = /bin/sh;
			shellScript = "diff \"${PODS_ROOT}/../Podfile.lock\" \"${PODS_ROOT}/Manifest.lock\" > /dev/null\nif [[ $? != 0 ]] ; then\n    cat << EOM\nerror: The sandbox is not in sync with the Podfile.lock. Run 'pod install' or update your CocoaPods installation.\nEOM\n    exit 1\nfi\n";
			showEnvVarsInLog = 0;
		};
/* End PBXShellScriptBuildPhase section */

/* Begin PBXSourcesBuildPhase section */
		18404A2B1D8273C8000F234A /* Sources */ = {
			isa = PBXSourcesBuildPhase;
			buildActionMask = 2147483647;
			files = (
				87B64CA91D82FB3200D6CF54 /* ManagerViewController.swift in Sources */,
				87B64CA21D82CF9D00D6CF54 /* LoginViewController.swift in Sources */,
				87B64CAD1D82FD2600D6CF54 /* ScheduleViewController.swift in Sources */,
				185F28C21D82AB4700C79EEF /* TableViewCell.swift in Sources */,
				18404A3B1D8273C8000F234A /* RevelScheduleManagement.xcdatamodeld in Sources */,
				87CF23531D8298A4004D21EE /* UIColor+CL.m in Sources */,
				18AA59B61D830B5300514CCF /* DroppingUsersTableViewCell.swift in Sources */,
				18AA59B41D8307E700514CCF /* DroppedUsers.swift in Sources */,
				185F28CA1D8304B500C79EEF /* ManagerShiftController.swift in Sources */,
				87CF23351D827550004D21EE /* Const.swift in Sources */,
				872276331D83382400CFFE80 /* Employee.swift in Sources */,
				87CF23481D82988F004D21EE /* DayTitleLabel.m in Sources */,
				87B64CAF1D83151B00D6CF54 /* ScheduleTableViewCell.swift in Sources */,
				87B64CA41D82D87B00D6CF54 /* LoginClient.swift in Sources */,
				18404A351D8273C8000F234A /* ViewController.swift in Sources */,
				87CF23521D8298A4004D21EE /* NSDictionary+CL.m in Sources */,
				87CF23471D82988F004D21EE /* DailyCalendarView.m in Sources */,
				87CF23461D82988F004D21EE /* CLWeeklyCalendarView.m in Sources */,
				87A719C61D82B55F0081D993 /* Work.swift in Sources */,
				87CF23511D8298A4004D21EE /* NSDate+CL.m in Sources */,
				87CF23541D8298A4004D21EE /* UIImage+CL.m in Sources */,
				18404A331D8273C8000F234A /* AppDelegate.swift in Sources */,
			);
			runOnlyForDeploymentPostprocessing = 0;
		};
/* End PBXSourcesBuildPhase section */

/* Begin PBXVariantGroup section */
		18404A361D8273C8000F234A /* Main.storyboard */ = {
			isa = PBXVariantGroup;
			children = (
				18404A371D8273C8000F234A /* Base */,
			);
			name = Main.storyboard;
			sourceTree = "<group>";
		};
		18404A3E1D8273C8000F234A /* LaunchScreen.storyboard */ = {
			isa = PBXVariantGroup;
			children = (
				18404A3F1D8273C8000F234A /* Base */,
			);
			name = LaunchScreen.storyboard;
			sourceTree = "<group>";
		};
/* End PBXVariantGroup section */

/* Begin XCBuildConfiguration section */
		18404A421D8273C8000F234A /* Debug */ = {
			isa = XCBuildConfiguration;
			buildSettings = {
				ALWAYS_SEARCH_USER_PATHS = NO;
				CLANG_ANALYZER_NONNULL = YES;
				CLANG_CXX_LANGUAGE_STANDARD = "gnu++0x";
				CLANG_CXX_LIBRARY = "libc++";
				CLANG_ENABLE_MODULES = YES;
				CLANG_ENABLE_OBJC_ARC = YES;
				CLANG_WARN_BOOL_CONVERSION = YES;
				CLANG_WARN_CONSTANT_CONVERSION = YES;
				CLANG_WARN_DIRECT_OBJC_ISA_USAGE = YES_ERROR;
				CLANG_WARN_EMPTY_BODY = YES;
				CLANG_WARN_ENUM_CONVERSION = YES;
				CLANG_WARN_INT_CONVERSION = YES;
				CLANG_WARN_OBJC_ROOT_CLASS = YES_ERROR;
				CLANG_WARN_UNREACHABLE_CODE = YES;
				CLANG_WARN__DUPLICATE_METHOD_MATCH = YES;
				"CODE_SIGN_IDENTITY[sdk=iphoneos*]" = "iPhone Developer";
				COPY_PHASE_STRIP = NO;
				DEBUG_INFORMATION_FORMAT = dwarf;
				ENABLE_STRICT_OBJC_MSGSEND = YES;
				ENABLE_TESTABILITY = YES;
				GCC_C_LANGUAGE_STANDARD = gnu99;
				GCC_DYNAMIC_NO_PIC = NO;
				GCC_NO_COMMON_BLOCKS = YES;
				GCC_OPTIMIZATION_LEVEL = 0;
				GCC_PREPROCESSOR_DEFINITIONS = (
					"DEBUG=1",
					"$(inherited)",
				);
				GCC_WARN_64_TO_32_BIT_CONVERSION = YES;
				GCC_WARN_ABOUT_RETURN_TYPE = YES_ERROR;
				GCC_WARN_UNDECLARED_SELECTOR = YES;
				GCC_WARN_UNINITIALIZED_AUTOS = YES_AGGRESSIVE;
				GCC_WARN_UNUSED_FUNCTION = YES;
				GCC_WARN_UNUSED_VARIABLE = YES;
				IPHONEOS_DEPLOYMENT_TARGET = 9.3;
				MTL_ENABLE_DEBUG_INFO = YES;
				ONLY_ACTIVE_ARCH = YES;
				SDKROOT = iphoneos;
				SWIFT_OPTIMIZATION_LEVEL = "-Onone";
			};
			name = Debug;
		};
		18404A431D8273C8000F234A /* Release */ = {
			isa = XCBuildConfiguration;
			buildSettings = {
				ALWAYS_SEARCH_USER_PATHS = NO;
				CLANG_ANALYZER_NONNULL = YES;
				CLANG_CXX_LANGUAGE_STANDARD = "gnu++0x";
				CLANG_CXX_LIBRARY = "libc++";
				CLANG_ENABLE_MODULES = YES;
				CLANG_ENABLE_OBJC_ARC = YES;
				CLANG_WARN_BOOL_CONVERSION = YES;
				CLANG_WARN_CONSTANT_CONVERSION = YES;
				CLANG_WARN_DIRECT_OBJC_ISA_USAGE = YES_ERROR;
				CLANG_WARN_EMPTY_BODY = YES;
				CLANG_WARN_ENUM_CONVERSION = YES;
				CLANG_WARN_INT_CONVERSION = YES;
				CLANG_WARN_OBJC_ROOT_CLASS = YES_ERROR;
				CLANG_WARN_UNREACHABLE_CODE = YES;
				CLANG_WARN__DUPLICATE_METHOD_MATCH = YES;
				"CODE_SIGN_IDENTITY[sdk=iphoneos*]" = "iPhone Developer";
				COPY_PHASE_STRIP = NO;
				DEBUG_INFORMATION_FORMAT = "dwarf-with-dsym";
				ENABLE_NS_ASSERTIONS = NO;
				ENABLE_STRICT_OBJC_MSGSEND = YES;
				GCC_C_LANGUAGE_STANDARD = gnu99;
				GCC_NO_COMMON_BLOCKS = YES;
				GCC_WARN_64_TO_32_BIT_CONVERSION = YES;
				GCC_WARN_ABOUT_RETURN_TYPE = YES_ERROR;
				GCC_WARN_UNDECLARED_SELECTOR = YES;
				GCC_WARN_UNINITIALIZED_AUTOS = YES_AGGRESSIVE;
				GCC_WARN_UNUSED_FUNCTION = YES;
				GCC_WARN_UNUSED_VARIABLE = YES;
				IPHONEOS_DEPLOYMENT_TARGET = 9.3;
				MTL_ENABLE_DEBUG_INFO = NO;
				SDKROOT = iphoneos;
				VALIDATE_PRODUCT = YES;
			};
			name = Release;
		};
		18404A451D8273C8000F234A /* Debug */ = {
			isa = XCBuildConfiguration;
			baseConfigurationReference = 52B5D800570DC4A967C944C3 /* Pods-RevelScheduleManagement.debug.xcconfig */;
			buildSettings = {
				ASSETCATALOG_COMPILER_APPICON_NAME = AppIcon;
				CLANG_ENABLE_MODULES = YES;
				CODE_SIGN_IDENTITY = "iPhone Developer";
				"CODE_SIGN_IDENTITY[sdk=iphoneos*]" = "iPhone Developer";
				INFOPLIST_FILE = RevelScheduleManagement/Info.plist;
				LD_RUNPATH_SEARCH_PATHS = "$(inherited) @executable_path/Frameworks";
				PRODUCT_BUNDLE_IDENTIFIER = com.ayadios.RevelScheduleManagement;
				PRODUCT_NAME = "$(TARGET_NAME)";
				PROVISIONING_PROFILE = "";
				SWIFT_OBJC_BRIDGING_HEADER = "RevelScheduleManagement/RevelScheduleManagement-Bridging-Header.h";
				SWIFT_OPTIMIZATION_LEVEL = "-Onone";
			};
			name = Debug;
		};
		18404A461D8273C8000F234A /* Release */ = {
			isa = XCBuildConfiguration;
			baseConfigurationReference = 468EBDEA3CCC7B38C4FE329C /* Pods-RevelScheduleManagement.release.xcconfig */;
			buildSettings = {
				ASSETCATALOG_COMPILER_APPICON_NAME = AppIcon;
				CLANG_ENABLE_MODULES = YES;
				CODE_SIGN_IDENTITY = "iPhone Developer";
				"CODE_SIGN_IDENTITY[sdk=iphoneos*]" = "iPhone Developer";
				INFOPLIST_FILE = RevelScheduleManagement/Info.plist;
				LD_RUNPATH_SEARCH_PATHS = "$(inherited) @executable_path/Frameworks";
				PRODUCT_BUNDLE_IDENTIFIER = com.ayadios.RevelScheduleManagement;
				PRODUCT_NAME = "$(TARGET_NAME)";
				PROVISIONING_PROFILE = "";
				SWIFT_OBJC_BRIDGING_HEADER = "RevelScheduleManagement/RevelScheduleManagement-Bridging-Header.h";
			};
			name = Release;
		};
/* End XCBuildConfiguration section */

/* Begin XCConfigurationList section */
		18404A2A1D8273C8000F234A /* Build configuration list for PBXProject "RevelScheduleManagement" */ = {
			isa = XCConfigurationList;
			buildConfigurations = (
				18404A421D8273C8000F234A /* Debug */,
				18404A431D8273C8000F234A /* Release */,
			);
			defaultConfigurationIsVisible = 0;
			defaultConfigurationName = Release;
		};
		18404A441D8273C8000F234A /* Build configuration list for PBXNativeTarget "RevelScheduleManagement" */ = {
			isa = XCConfigurationList;
			buildConfigurations = (
				18404A451D8273C8000F234A /* Debug */,
				18404A461D8273C8000F234A /* Release */,
			);
			defaultConfigurationIsVisible = 0;
			defaultConfigurationName = Release;
		};
/* End XCConfigurationList section */

/* Begin XCVersionGroup section */
		18404A391D8273C8000F234A /* RevelScheduleManagement.xcdatamodeld */ = {
			isa = XCVersionGroup;
			children = (
				18404A3A1D8273C8000F234A /* RevelScheduleManagement.xcdatamodel */,
			);
			currentVersion = 18404A3A1D8273C8000F234A /* RevelScheduleManagement.xcdatamodel */;
			path = RevelScheduleManagement.xcdatamodeld;
			sourceTree = "<group>";
			versionGroupType = wrapper.xcdatamodel;
		};
/* End XCVersionGroup section */
	};
	rootObject = 18404A271D8273C8000F234A /* Project object */;
}
